// !$*UTF8*$!
{
	archiveVersion = 1;
	classes = {
	};
	objectVersion = 56;
	objects = {

/* Begin PBXBuildFile section */
		047A93E92C229EF00057F3AE /* AppDelegate.swift in Sources */ = {isa = PBXBuildFile; fileRef = 047A93E82C229EF00057F3AE /* AppDelegate.swift */; };
		047A93EB2C229EF00057F3AE /* SceneDelegate.swift in Sources */ = {isa = PBXBuildFile; fileRef = 047A93EA2C229EF00057F3AE /* SceneDelegate.swift */; };
		047A93ED2C229EF00057F3AE /* ViewController.swift in Sources */ = {isa = PBXBuildFile; fileRef = 047A93EC2C229EF00057F3AE /* ViewController.swift */; };
		047A93F22C229EF20057F3AE /* Assets.xcassets in Resources */ = {isa = PBXBuildFile; fileRef = 047A93F12C229EF20057F3AE /* Assets.xcassets */; };
		047A93F52C229EF20057F3AE /* Base in Resources */ = {isa = PBXBuildFile; fileRef = 047A93F42C229EF20057F3AE /* Base */; };
		047A93FD2C229FBE0057F3AE /* .gitignore in Resources */ = {isa = PBXBuildFile; fileRef = 047A93FC2C229FBE0057F3AE /* .gitignore */; };
		047A93FF2C229FD90057F3AE /* APIKey.swift in Sources */ = {isa = PBXBuildFile; fileRef = 047A93FE2C229FD90057F3AE /* APIKey.swift */; };
		047A94012C22A0D10057F3AE /* Weather.swift in Sources */ = {isa = PBXBuildFile; fileRef = 047A94002C22A0D10057F3AE /* Weather.swift */; };
		047A94042C22A3B70057F3AE /* SnapKit in Frameworks */ = {isa = PBXBuildFile; productRef = 047A94032C22A3B70057F3AE /* SnapKit */; };
		047A94072C22A3BE0057F3AE /* Kingfisher in Frameworks */ = {isa = PBXBuildFile; productRef = 047A94062C22A3BE0057F3AE /* Kingfisher */; };
		047A940A2C22A3C60057F3AE /* Alamofire in Frameworks */ = {isa = PBXBuildFile; productRef = 047A94092C22A3C60057F3AE /* Alamofire */; };
		047A94112C22C3F60057F3AE /* KCC_Hanbit.ttf in Resources */ = {isa = PBXBuildFile; fileRef = 047A94102C22C3F60057F3AE /* KCC_Hanbit.ttf */; };
/* End PBXBuildFile section */

/* Begin PBXFileReference section */
		047A93E52C229EF00057F3AE /* WhatsMyWeather.app */ = {isa = PBXFileReference; explicitFileType = wrapper.application; includeInIndex = 0; path = WhatsMyWeather.app; sourceTree = BUILT_PRODUCTS_DIR; };
		047A93E82C229EF00057F3AE /* AppDelegate.swift */ = {isa = PBXFileReference; lastKnownFileType = sourcecode.swift; path = AppDelegate.swift; sourceTree = "<group>"; };
		047A93EA2C229EF00057F3AE /* SceneDelegate.swift */ = {isa = PBXFileReference; lastKnownFileType = sourcecode.swift; path = SceneDelegate.swift; sourceTree = "<group>"; };
		047A93EC2C229EF00057F3AE /* ViewController.swift */ = {isa = PBXFileReference; lastKnownFileType = sourcecode.swift; path = ViewController.swift; sourceTree = "<group>"; };
		047A93F12C229EF20057F3AE /* Assets.xcassets */ = {isa = PBXFileReference; lastKnownFileType = folder.assetcatalog; path = Assets.xcassets; sourceTree = "<group>"; };
		047A93F42C229EF20057F3AE /* Base */ = {isa = PBXFileReference; lastKnownFileType = file.storyboard; name = Base; path = Base.lproj/LaunchScreen.storyboard; sourceTree = "<group>"; };
		047A93F62C229EF20057F3AE /* Info.plist */ = {isa = PBXFileReference; lastKnownFileType = text.plist.xml; path = Info.plist; sourceTree = "<group>"; };
		047A93FC2C229FBE0057F3AE /* .gitignore */ = {isa = PBXFileReference; lastKnownFileType = text; path = .gitignore; sourceTree = "<group>"; };
		047A93FE2C229FD90057F3AE /* APIKey.swift */ = {isa = PBXFileReference; lastKnownFileType = sourcecode.swift; path = APIKey.swift; sourceTree = "<group>"; };
		047A94002C22A0D10057F3AE /* Weather.swift */ = {isa = PBXFileReference; lastKnownFileType = sourcecode.swift; path = Weather.swift; sourceTree = "<group>"; };
		047A94102C22C3F60057F3AE /* KCC_Hanbit.ttf */ = {isa = PBXFileReference; lastKnownFileType = file; path = KCC_Hanbit.ttf; sourceTree = "<group>"; };
/* End PBXFileReference section */

/* Begin PBXFrameworksBuildPhase section */
		047A93E22C229EF00057F3AE /* Frameworks */ = {
			isa = PBXFrameworksBuildPhase;
			buildActionMask = 2147483647;
			files = (
				047A940A2C22A3C60057F3AE /* Alamofire in Frameworks */,
				047A94072C22A3BE0057F3AE /* Kingfisher in Frameworks */,
				047A94042C22A3B70057F3AE /* SnapKit in Frameworks */,
			);
			runOnlyForDeploymentPostprocessing = 0;
		};
/* End PBXFrameworksBuildPhase section */

/* Begin PBXGroup section */
		047A93DC2C229EF00057F3AE = {
			isa = PBXGroup;
			children = (
				047A93FC2C229FBE0057F3AE /* .gitignore */,
				047A93E72C229EF00057F3AE /* WhatsMyWeather */,
				047A93E62C229EF00057F3AE /* Products */,
			);
			sourceTree = "<group>";
		};
		047A93E62C229EF00057F3AE /* Products */ = {
			isa = PBXGroup;
			children = (
				047A93E52C229EF00057F3AE /* WhatsMyWeather.app */,
			);
			name = Products;
			sourceTree = "<group>";
		};
		047A93E72C229EF00057F3AE /* WhatsMyWeather */ = {
			isa = PBXGroup;
			children = (
				047A940F2C22C3D30057F3AE /* Font */,
				047A93E82C229EF00057F3AE /* AppDelegate.swift */,
				047A93EA2C229EF00057F3AE /* SceneDelegate.swift */,
				047A93EC2C229EF00057F3AE /* ViewController.swift */,
				047A93FE2C229FD90057F3AE /* APIKey.swift */,
				047A94002C22A0D10057F3AE /* Weather.swift */,
				047A93F12C229EF20057F3AE /* Assets.xcassets */,
				047A93F32C229EF20057F3AE /* LaunchScreen.storyboard */,
				047A93F62C229EF20057F3AE /* Info.plist */,
			);
			path = WhatsMyWeather;
			sourceTree = "<group>";
		};
		047A940F2C22C3D30057F3AE /* Font */ = {
			isa = PBXGroup;
			children = (
				047A94102C22C3F60057F3AE /* KCC_Hanbit.ttf */,
			);
			path = Font;
			sourceTree = "<group>";
		};
/* End PBXGroup section */

/* Begin PBXNativeTarget section */
		047A93E42C229EF00057F3AE /* WhatsMyWeather */ = {
			isa = PBXNativeTarget;
			buildConfigurationList = 047A93F92C229EF20057F3AE /* Build configuration list for PBXNativeTarget "WhatsMyWeather" */;
			buildPhases = (
				047A93E12C229EF00057F3AE /* Sources */,
				047A93E22C229EF00057F3AE /* Frameworks */,
				047A93E32C229EF00057F3AE /* Resources */,
			);
			buildRules = (
			);
			dependencies = (
			);
			name = WhatsMyWeather;
			packageProductDependencies = (
				047A94032C22A3B70057F3AE /* SnapKit */,
				047A94062C22A3BE0057F3AE /* Kingfisher */,
				047A94092C22A3C60057F3AE /* Alamofire */,
			);
			productName = WhatsMyWeather;
			productReference = 047A93E52C229EF00057F3AE /* WhatsMyWeather.app */;
			productType = "com.apple.product-type.application";
		};
/* End PBXNativeTarget section */

/* Begin PBXProject section */
		047A93DD2C229EF00057F3AE /* Project object */ = {
			isa = PBXProject;
			attributes = {
				BuildIndependentTargetsInParallel = 1;
				LastSwiftUpdateCheck = 1540;
				LastUpgradeCheck = 1540;
				TargetAttributes = {
					047A93E42C229EF00057F3AE = {
						CreatedOnToolsVersion = 15.4;
					};
				};
			};
			buildConfigurationList = 047A93E02C229EF00057F3AE /* Build configuration list for PBXProject "WhatsMyWeather" */;
			compatibilityVersion = "Xcode 14.0";
			developmentRegion = en;
			hasScannedForEncodings = 0;
			knownRegions = (
				en,
				Base,
			);
			mainGroup = 047A93DC2C229EF00057F3AE;
			packageReferences = (
				047A94022C22A3B70057F3AE /* XCRemoteSwiftPackageReference "SnapKit" */,
				047A94052C22A3BE0057F3AE /* XCRemoteSwiftPackageReference "Kingfisher" */,
				047A94082C22A3C60057F3AE /* XCRemoteSwiftPackageReference "Alamofire" */,
			);
			productRefGroup = 047A93E62C229EF00057F3AE /* Products */;
			projectDirPath = "";
			projectRoot = "";
			targets = (
				047A93E42C229EF00057F3AE /* WhatsMyWeather */,
			);
		};
/* End PBXProject section */

/* Begin PBXResourcesBuildPhase section */
		047A93E32C229EF00057F3AE /* Resources */ = {
			isa = PBXResourcesBuildPhase;
			buildActionMask = 2147483647;
			files = (
				047A93F22C229EF20057F3AE /* Assets.xcassets in Resources */,
				047A93FD2C229FBE0057F3AE /* .gitignore in Resources */,
				047A94112C22C3F60057F3AE /* KCC_Hanbit.ttf in Resources */,
				047A93F52C229EF20057F3AE /* Base in Resources */,
			);
			runOnlyForDeploymentPostprocessing = 0;
		};
/* End PBXResourcesBuildPhase section */

/* Begin PBXSourcesBuildPhase section */
		047A93E12C229EF00057F3AE /* Sources */ = {
			isa = PBXSourcesBuildPhase;
			buildActionMask = 2147483647;
			files = (
				047A93ED2C229EF00057F3AE /* ViewController.swift in Sources */,
				047A93E92C229EF00057F3AE /* AppDelegate.swift in Sources */,
				047A93FF2C229FD90057F3AE /* APIKey.swift in Sources */,
				047A93EB2C229EF00057F3AE /* SceneDelegate.swift in Sources */,
				047A94012C22A0D10057F3AE /* Weather.swift in Sources */,
			);
			runOnlyForDeploymentPostprocessing = 0;
		};
/* End PBXSourcesBuildPhase section */

/* Begin PBXVariantGroup section */
		047A93F32C229EF20057F3AE /* LaunchScreen.storyboard */ = {
			isa = PBXVariantGroup;
			children = (
				047A93F42C229EF20057F3AE /* Base */,
			);
			name = LaunchScreen.storyboard;
			sourceTree = "<group>";
		};
/* End PBXVariantGroup section */

/* Begin XCBuildConfiguration section */
		047A93F72C229EF20057F3AE /* Debug */ = {
			isa = XCBuildConfiguration;
			buildSettings = {
				ALWAYS_SEARCH_USER_PATHS = NO;
				ASSETCATALOG_COMPILER_GENERATE_SWIFT_ASSET_SYMBOL_EXTENSIONS = YES;
				CLANG_ANALYZER_NONNULL = YES;
				CLANG_ANALYZER_NUMBER_OBJECT_CONVERSION = YES_AGGRESSIVE;
				CLANG_CXX_LANGUAGE_STANDARD = "gnu++20";
				CLANG_ENABLE_MODULES = YES;
				CLANG_ENABLE_OBJC_ARC = YES;
				CLANG_ENABLE_OBJC_WEAK = YES;
				CLANG_WARN_BLOCK_CAPTURE_AUTORELEASING = YES;
				CLANG_WARN_BOOL_CONVERSION = YES;
				CLANG_WARN_COMMA = YES;
				CLANG_WARN_CONSTANT_CONVERSION = YES;
				CLANG_WARN_DEPRECATED_OBJC_IMPLEMENTATIONS = YES;
				CLANG_WARN_DIRECT_OBJC_ISA_USAGE = YES_ERROR;
				CLANG_WARN_DOCUMENTATION_COMMENTS = YES;
				CLANG_WARN_EMPTY_BODY = YES;
				CLANG_WARN_ENUM_CONVERSION = YES;
				CLANG_WARN_INFINITE_RECURSION = YES;
				CLANG_WARN_INT_CONVERSION = YES;
				CLANG_WARN_NON_LITERAL_NULL_CONVERSION = YES;
				CLANG_WARN_OBJC_IMPLICIT_RETAIN_SELF = YES;
				CLANG_WARN_OBJC_LITERAL_CONVERSION = YES;
				CLANG_WARN_OBJC_ROOT_CLASS = YES_ERROR;
				CLANG_WARN_QUOTED_INCLUDE_IN_FRAMEWORK_HEADER = YES;
				CLANG_WARN_RANGE_LOOP_ANALYSIS = YES;
				CLANG_WARN_STRICT_PROTOTYPES = YES;
				CLANG_WARN_SUSPICIOUS_MOVE = YES;
				CLANG_WARN_UNGUARDED_AVAILABILITY = YES_AGGRESSIVE;
				CLANG_WARN_UNREACHABLE_CODE = YES;
				CLANG_WARN__DUPLICATE_METHOD_MATCH = YES;
				COPY_PHASE_STRIP = NO;
				DEBUG_INFORMATION_FORMAT = dwarf;
				ENABLE_STRICT_OBJC_MSGSEND = YES;
				ENABLE_TESTABILITY = YES;
				ENABLE_USER_SCRIPT_SANDBOXING = YES;
				GCC_C_LANGUAGE_STANDARD = gnu17;
				GCC_DYNAMIC_NO_PIC = NO;
				GCC_NO_COMMON_BLOCKS = YES;
				GCC_OPTIMIZATION_LEVEL = 0;
				GCC_PREPROCESSOR_DEFINITIONS = (
					"DEBUG=1",
					"$(inherited)",
				);
				GCC_WARN_64_TO_32_BIT_CONVERSION = YES;
				GCC_WARN_ABOUT_RETURN_TYPE = YES_ERROR;
				GCC_WARN_UNDECLARED_SELECTOR = YES;
				GCC_WARN_UNINITIALIZED_AUTOS = YES_AGGRESSIVE;
				GCC_WARN_UNUSED_FUNCTION = YES;
				GCC_WARN_UNUSED_VARIABLE = YES;
				IPHONEOS_DEPLOYMENT_TARGET = 17.5;
				LOCALIZATION_PREFERS_STRING_CATALOGS = YES;
				MTL_ENABLE_DEBUG_INFO = INCLUDE_SOURCE;
				MTL_FAST_MATH = YES;
				ONLY_ACTIVE_ARCH = YES;
				SDKROOT = iphoneos;
				SWIFT_ACTIVE_COMPILATION_CONDITIONS = "DEBUG $(inherited)";
				SWIFT_OPTIMIZATION_LEVEL = "-Onone";
			};
			name = Debug;
		};
		047A93F82C229EF20057F3AE /* Release */ = {
			isa = XCBuildConfiguration;
			buildSettings = {
				ALWAYS_SEARCH_USER_PATHS = NO;
				ASSETCATALOG_COMPILER_GENERATE_SWIFT_ASSET_SYMBOL_EXTENSIONS = YES;
				CLANG_ANALYZER_NONNULL = YES;
				CLANG_ANALYZER_NUMBER_OBJECT_CONVERSION = YES_AGGRESSIVE;
				CLANG_CXX_LANGUAGE_STANDARD = "gnu++20";
				CLANG_ENABLE_MODULES = YES;
				CLANG_ENABLE_OBJC_ARC = YES;
				CLANG_ENABLE_OBJC_WEAK = YES;
				CLANG_WARN_BLOCK_CAPTURE_AUTORELEASING = YES;
				CLANG_WARN_BOOL_CONVERSION = YES;
				CLANG_WARN_COMMA = YES;
				CLANG_WARN_CONSTANT_CONVERSION = YES;
				CLANG_WARN_DEPRECATED_OBJC_IMPLEMENTATIONS = YES;
				CLANG_WARN_DIRECT_OBJC_ISA_USAGE = YES_ERROR;
				CLANG_WARN_DOCUMENTATION_COMMENTS = YES;
				CLANG_WARN_EMPTY_BODY = YES;
				CLANG_WARN_ENUM_CONVERSION = YES;
				CLANG_WARN_INFINITE_RECURSION = YES;
				CLANG_WARN_INT_CONVERSION = YES;
				CLANG_WARN_NON_LITERAL_NULL_CONVERSION = YES;
				CLANG_WARN_OBJC_IMPLICIT_RETAIN_SELF = YES;
				CLANG_WARN_OBJC_LITERAL_CONVERSION = YES;
				CLANG_WARN_OBJC_ROOT_CLASS = YES_ERROR;
				CLANG_WARN_QUOTED_INCLUDE_IN_FRAMEWORK_HEADER = YES;
				CLANG_WARN_RANGE_LOOP_ANALYSIS = YES;
				CLANG_WARN_STRICT_PROTOTYPES = YES;
				CLANG_WARN_SUSPICIOUS_MOVE = YES;
				CLANG_WARN_UNGUARDED_AVAILABILITY = YES_AGGRESSIVE;
				CLANG_WARN_UNREACHABLE_CODE = YES;
				CLANG_WARN__DUPLICATE_METHOD_MATCH = YES;
				COPY_PHASE_STRIP = NO;
				DEBUG_INFORMATION_FORMAT = "dwarf-with-dsym";
				ENABLE_NS_ASSERTIONS = NO;
				ENABLE_STRICT_OBJC_MSGSEND = YES;
				ENABLE_USER_SCRIPT_SANDBOXING = YES;
				GCC_C_LANGUAGE_STANDARD = gnu17;
				GCC_NO_COMMON_BLOCKS = YES;
				GCC_WARN_64_TO_32_BIT_CONVERSION = YES;
				GCC_WARN_ABOUT_RETURN_TYPE = YES_ERROR;
				GCC_WARN_UNDECLARED_SELECTOR = YES;
				GCC_WARN_UNINITIALIZED_AUTOS = YES_AGGRESSIVE;
				GCC_WARN_UNUSED_FUNCTION = YES;
				GCC_WARN_UNUSED_VARIABLE = YES;
				IPHONEOS_DEPLOYMENT_TARGET = 17.5;
				LOCALIZATION_PREFERS_STRING_CATALOGS = YES;
				MTL_ENABLE_DEBUG_INFO = NO;
				MTL_FAST_MATH = YES;
				SDKROOT = iphoneos;
				SWIFT_COMPILATION_MODE = wholemodule;
				VALIDATE_PRODUCT = YES;
			};
			name = Release;
		};
		047A93FA2C229EF20057F3AE /* Debug */ = {
			isa = XCBuildConfiguration;
			buildSettings = {
				ASSETCATALOG_COMPILER_APPICON_NAME = AppIcon;
				ASSETCATALOG_COMPILER_GLOBAL_ACCENT_COLOR_NAME = AccentColor;
				CODE_SIGN_STYLE = Automatic;
				CURRENT_PROJECT_VERSION = 1;
				GENERATE_INFOPLIST_FILE = YES;
				INFOPLIST_FILE = WhatsMyWeather/Info.plist;
				INFOPLIST_KEY_CFBundleDisplayName = "What's My Weather";
				INFOPLIST_KEY_UIApplicationSupportsIndirectInputEvents = YES;
				INFOPLIST_KEY_UILaunchStoryboardName = LaunchScreen;
				INFOPLIST_KEY_UISupportedInterfaceOrientations = UIInterfaceOrientationPortrait;
				INFOPLIST_KEY_UISupportedInterfaceOrientations_iPad = "UIInterfaceOrientationLandscapeLeft UIInterfaceOrientationLandscapeRight UIInterfaceOrientationPortrait UIInterfaceOrientationPortraitUpsideDown";
				IPHONEOS_DEPLOYMENT_TARGET = 15.0;
				LD_RUNPATH_SEARCH_PATHS = (
					"$(inherited)",
					"@executable_path/Frameworks",
				);
				MARKETING_VERSION = 1.0;
				PRODUCT_BUNDLE_IDENTIFIER = com.harvey.WhatsMyWeather;
				PRODUCT_NAME = "$(TARGET_NAME)";
				SUPPORTED_PLATFORMS = "iphoneos iphonesimulator";
				SUPPORTS_MACCATALYST = NO;
				SUPPORTS_MAC_DESIGNED_FOR_IPHONE_IPAD = NO;
				SUPPORTS_XR_DESIGNED_FOR_IPHONE_IPAD = NO;
				SWIFT_EMIT_LOC_STRINGS = YES;
				SWIFT_VERSION = 5.0;
				TARGETED_DEVICE_FAMILY = 1;
			};
			name = Debug;
		};
		047A93FB2C229EF20057F3AE /* Release */ = {
			isa = XCBuildConfiguration;
			buildSettings = {
				ASSETCATALOG_COMPILER_APPICON_NAME = AppIcon;
				ASSETCATALOG_COMPILER_GLOBAL_ACCENT_COLOR_NAME = AccentColor;
				CODE_SIGN_STYLE = Automatic;
				CURRENT_PROJECT_VERSION = 1;
				GENERATE_INFOPLIST_FILE = YES;
				INFOPLIST_FILE = WhatsMyWeather/Info.plist;
				INFOPLIST_KEY_CFBundleDisplayName = "What's My Weather";
				INFOPLIST_KEY_UIApplicationSupportsIndirectInputEvents = YES;
				INFOPLIST_KEY_UILaunchStoryboardName = LaunchScreen;
				INFOPLIST_KEY_UISupportedInterfaceOrientations = UIInterfaceOrientationPortrait;
				INFOPLIST_KEY_UISupportedInterfaceOrientations_iPad = "UIInterfaceOrientationLandscapeLeft UIInterfaceOrientationLandscapeRight UIInterfaceOrientationPortrait UIInterfaceOrientationPortraitUpsideDown";
				IPHONEOS_DEPLOYMENT_TARGET = 15.0;
				LD_RUNPATH_SEARCH_PATHS = (
					"$(inherited)",
					"@executable_path/Frameworks",
				);
				MARKETING_VERSION = 1.0;
				PRODUCT_BUNDLE_IDENTIFIER = com.harvey.WhatsMyWeather;
				PRODUCT_NAME = "$(TARGET_NAME)";
				SUPPORTED_PLATFORMS = "iphoneos iphonesimulator";
				SUPPORTS_MACCATALYST = NO;
				SUPPORTS_MAC_DESIGNED_FOR_IPHONE_IPAD = NO;
				SUPPORTS_XR_DESIGNED_FOR_IPHONE_IPAD = NO;
				SWIFT_EMIT_LOC_STRINGS = YES;
				SWIFT_VERSION = 5.0;
				TARGETED_DEVICE_FAMILY = 1;
			};
			name = Release;
		};
/* End XCBuildConfiguration section */

/* Begin XCConfigurationList section */
		047A93E02C229EF00057F3AE /* Build configuration list for PBXProject "WhatsMyWeather" */ = {
			isa = XCConfigurationList;
			buildConfigurations = (
				047A93F72C229EF20057F3AE /* Debug */,
				047A93F82C229EF20057F3AE /* Release */,
			);
			defaultConfigurationIsVisible = 0;
			defaultConfigurationName = Release;
		};
		047A93F92C229EF20057F3AE /* Build configuration list for PBXNativeTarget "WhatsMyWeather" */ = {
			isa = XCConfigurationList;
			buildConfigurations = (
				047A93FA2C229EF20057F3AE /* Debug */,
				047A93FB2C229EF20057F3AE /* Release */,
			);
			defaultConfigurationIsVisible = 0;
			defaultConfigurationName = Release;
		};
/* End XCConfigurationList section */

/* Begin XCRemoteSwiftPackageReference section */
		047A94022C22A3B70057F3AE /* XCRemoteSwiftPackageReference "SnapKit" */ = {
			isa = XCRemoteSwiftPackageReference;
			repositoryURL = "https://github.com/SnapKit/SnapKit.git";
			requirement = {
				kind = upToNextMajorVersion;
				minimumVersion = 5.7.1;
			};
		};
		047A94052C22A3BE0057F3AE /* XCRemoteSwiftPackageReference "Kingfisher" */ = {
			isa = XCRemoteSwiftPackageReference;
			repositoryURL = "https://github.com/onevcat/Kingfisher.git";
			requirement = {
				kind = upToNextMajorVersion;
				minimumVersion = 7.12.0;
			};
		};
		047A94082C22A3C60057F3AE /* XCRemoteSwiftPackageReference "Alamofire" */ = {
			isa = XCRemoteSwiftPackageReference;
			repositoryURL = "https://github.com/Alamofire/Alamofire.git";
			requirement = {
				kind = upToNextMajorVersion;
				minimumVersion = 5.9.1;
			};
		};
/* End XCRemoteSwiftPackageReference section */

/* Begin XCSwiftPackageProductDependency section */
		047A94032C22A3B70057F3AE /* SnapKit */ = {
			isa = XCSwiftPackageProductDependency;
			package = 047A94022C22A3B70057F3AE /* XCRemoteSwiftPackageReference "SnapKit" */;
			productName = SnapKit;
		};
		047A94062C22A3BE0057F3AE /* Kingfisher */ = {
			isa = XCSwiftPackageProductDependency;
			package = 047A94052C22A3BE0057F3AE /* XCRemoteSwiftPackageReference "Kingfisher" */;
			productName = Kingfisher;
		};
		047A94092C22A3C60057F3AE /* Alamofire */ = {
			isa = XCSwiftPackageProductDependency;
			package = 047A94082C22A3C60057F3AE /* XCRemoteSwiftPackageReference "Alamofire" */;
			productName = Alamofire;
		};
/* End XCSwiftPackageProductDependency section */
	};
	rootObject = 047A93DD2C229EF00057F3AE /* Project object */;
}
